// !$*UTF8*$!
{
	archiveVersion = 1;
	classes = {
	};
	objectVersion = 50;
	objects = {

/* Begin PBXBuildFile section */
		4D20872D23B20FD100C7AA0D /* MenuViewController.swift in Sources */ = {isa = PBXBuildFile; fileRef = 4D20872C23B20FD100C7AA0D /* MenuViewController.swift */; };
		4D20872F23B2102900C7AA0D /* DashboardViewController.swift in Sources */ = {isa = PBXBuildFile; fileRef = 4D20872E23B2102900C7AA0D /* DashboardViewController.swift */; };
		4D30A6FD23B4798E00C3C289 /* PageViewController.swift in Sources */ = {isa = PBXBuildFile; fileRef = 4D30A6FC23B4798E00C3C289 /* PageViewController.swift */; };
		4D32EBEE23A0B24C00245D37 /* AppDelegate.swift in Sources */ = {isa = PBXBuildFile; fileRef = 4D32EBED23A0B24C00245D37 /* AppDelegate.swift */; };
		4D32EBF023A0B24C00245D37 /* LoginViewController.swift in Sources */ = {isa = PBXBuildFile; fileRef = 4D32EBEF23A0B24C00245D37 /* LoginViewController.swift */; };
		4D32EBF323A0B24C00245D37 /* Main.storyboard in Resources */ = {isa = PBXBuildFile; fileRef = 4D32EBF123A0B24C00245D37 /* Main.storyboard */; };
		4D32EBF623A0B24C00245D37 /* FitQ.xcdatamodeld in Sources */ = {isa = PBXBuildFile; fileRef = 4D32EBF423A0B24C00245D37 /* FitQ.xcdatamodeld */; };
		4D32EBF823A0B24F00245D37 /* Assets.xcassets in Resources */ = {isa = PBXBuildFile; fileRef = 4D32EBF723A0B24F00245D37 /* Assets.xcassets */; };
		4D32EBFB23A0B24F00245D37 /* LaunchScreen.storyboard in Resources */ = {isa = PBXBuildFile; fileRef = 4D32EBF923A0B24F00245D37 /* LaunchScreen.storyboard */; };
		4D32EC0623A0B24F00245D37 /* FitQTests.swift in Sources */ = {isa = PBXBuildFile; fileRef = 4D32EC0523A0B24F00245D37 /* FitQTests.swift */; };
		4D32EC1123A0B24F00245D37 /* FitQUITests.swift in Sources */ = {isa = PBXBuildFile; fileRef = 4D32EC1023A0B24F00245D37 /* FitQUITests.swift */; };
		4D5C196C23B08B100034D859 /* SWRevealViewController.m in Sources */ = {isa = PBXBuildFile; fileRef = 4D5C196B23B08B100034D859 /* SWRevealViewController.m */; };
		4D5C197123B09C5A0034D859 /* Bolts.framework in Frameworks */ = {isa = PBXBuildFile; fileRef = 4D5C196E23B09C500034D859 /* Bolts.framework */; };
		4D5C197223B09C5A0034D859 /* FBSDKCoreKit.framework in Frameworks */ = {isa = PBXBuildFile; fileRef = 4D5C196F23B09C580034D859 /* FBSDKCoreKit.framework */; };
		4D5C197323B09C5A0034D859 /* FBSDKLoginKit.framework in Frameworks */ = {isa = PBXBuildFile; fileRef = 4D5C197023B09C5A0034D859 /* FBSDKLoginKit.framework */; };
		4D5C197C23B0C1070034D859 /* LocalAuthentication.framework in Frameworks */ = {isa = PBXBuildFile; fileRef = 4D5C197B23B0C1070034D859 /* LocalAuthentication.framework */; };
		4D5C197E23B0C11F0034D859 /* SafariServices.framework in Frameworks */ = {isa = PBXBuildFile; fileRef = 4D5C197D23B0C11F0034D859 /* SafariServices.framework */; };
		4D5C198023B0C12F0034D859 /* AuthenticationServices.framework in Frameworks */ = {isa = PBXBuildFile; fileRef = 4D5C197F23B0C12F0034D859 /* AuthenticationServices.framework */; };
		4D5C198223B0C1430034D859 /* SystemConfiguration.framework in Frameworks */ = {isa = PBXBuildFile; fileRef = 4D5C198123B0C1430034D859 /* SystemConfiguration.framework */; };
		4D9CE8E223B1D79500CB492D /* GoogleSignInDependencies.framework in Frameworks */ = {isa = PBXBuildFile; fileRef = 4D9CE8DF23B1D79500CB492D /* GoogleSignInDependencies.framework */; };
		4D9CE8E323B1D79500CB492D /* GoogleSignIn.framework in Frameworks */ = {isa = PBXBuildFile; fileRef = 4D9CE8E023B1D79500CB492D /* GoogleSignIn.framework */; };
		4D9CE8E423B1D7AB00CB492D /* GoogleSignIn.bundle in Resources */ = {isa = PBXBuildFile; fileRef = 4D9CE8DE23B1D79400CB492D /* GoogleSignIn.bundle */; };
/* End PBXBuildFile section */

/* Begin PBXContainerItemProxy section */
		4D32EC0223A0B24F00245D37 /* PBXContainerItemProxy */ = {
			isa = PBXContainerItemProxy;
			containerPortal = 4D32EBE223A0B24C00245D37 /* Project object */;
			proxyType = 1;
			remoteGlobalIDString = 4D32EBE923A0B24C00245D37;
			remoteInfo = FitQ;
		};
		4D32EC0D23A0B24F00245D37 /* PBXContainerItemProxy */ = {
			isa = PBXContainerItemProxy;
			containerPortal = 4D32EBE223A0B24C00245D37 /* Project object */;
			proxyType = 1;
			remoteGlobalIDString = 4D32EBE923A0B24C00245D37;
			remoteInfo = FitQ;
		};
/* End PBXContainerItemProxy section */

/* Begin PBXFileReference section */
		4D20872C23B20FD100C7AA0D /* MenuViewController.swift */ = {isa = PBXFileReference; lastKnownFileType = sourcecode.swift; path = MenuViewController.swift; sourceTree = "<group>"; };
		4D20872E23B2102900C7AA0D /* DashboardViewController.swift */ = {isa = PBXFileReference; lastKnownFileType = sourcecode.swift; path = DashboardViewController.swift; sourceTree = "<group>"; };
		4D30A6FC23B4798E00C3C289 /* PageViewController.swift */ = {isa = PBXFileReference; lastKnownFileType = sourcecode.swift; path = PageViewController.swift; sourceTree = "<group>"; };
		4D32EBEA23A0B24C00245D37 /* FitQ.app */ = {isa = PBXFileReference; explicitFileType = wrapper.application; includeInIndex = 0; path = FitQ.app; sourceTree = BUILT_PRODUCTS_DIR; };
		4D32EBED23A0B24C00245D37 /* AppDelegate.swift */ = {isa = PBXFileReference; lastKnownFileType = sourcecode.swift; path = AppDelegate.swift; sourceTree = "<group>"; };
		4D32EBEF23A0B24C00245D37 /* LoginViewController.swift */ = {isa = PBXFileReference; lastKnownFileType = sourcecode.swift; path = LoginViewController.swift; sourceTree = "<group>"; };
		4D32EBF223A0B24C00245D37 /* Base */ = {isa = PBXFileReference; lastKnownFileType = file.storyboard; name = Base; path = Base.lproj/Main.storyboard; sourceTree = "<group>"; };
		4D32EBF523A0B24C00245D37 /* FitQ.xcdatamodel */ = {isa = PBXFileReference; lastKnownFileType = wrapper.xcdatamodel; path = FitQ.xcdatamodel; sourceTree = "<group>"; };
		4D32EBF723A0B24F00245D37 /* Assets.xcassets */ = {isa = PBXFileReference; lastKnownFileType = folder.assetcatalog; path = Assets.xcassets; sourceTree = "<group>"; };
		4D32EBFA23A0B24F00245D37 /* Base */ = {isa = PBXFileReference; lastKnownFileType = file.storyboard; name = Base; path = Base.lproj/LaunchScreen.storyboard; sourceTree = "<group>"; };
		4D32EBFC23A0B24F00245D37 /* Info.plist */ = {isa = PBXFileReference; lastKnownFileType = text.plist.xml; path = Info.plist; sourceTree = "<group>"; };
		4D32EC0123A0B24F00245D37 /* FitQTests.xctest */ = {isa = PBXFileReference; explicitFileType = wrapper.cfbundle; includeInIndex = 0; path = FitQTests.xctest; sourceTree = BUILT_PRODUCTS_DIR; };
		4D32EC0523A0B24F00245D37 /* FitQTests.swift */ = {isa = PBXFileReference; lastKnownFileType = sourcecode.swift; path = FitQTests.swift; sourceTree = "<group>"; };
		4D32EC0723A0B24F00245D37 /* Info.plist */ = {isa = PBXFileReference; lastKnownFileType = text.plist.xml; path = Info.plist; sourceTree = "<group>"; };
		4D32EC0C23A0B24F00245D37 /* FitQUITests.xctest */ = {isa = PBXFileReference; explicitFileType = wrapper.cfbundle; includeInIndex = 0; path = FitQUITests.xctest; sourceTree = BUILT_PRODUCTS_DIR; };
		4D32EC1023A0B24F00245D37 /* FitQUITests.swift */ = {isa = PBXFileReference; lastKnownFileType = sourcecode.swift; path = FitQUITests.swift; sourceTree = "<group>"; };
		4D32EC1223A0B24F00245D37 /* Info.plist */ = {isa = PBXFileReference; lastKnownFileType = text.plist.xml; path = Info.plist; sourceTree = "<group>"; };
		4D5C196923B08B0F0034D859 /* FitQ-Bridging-Header.h */ = {isa = PBXFileReference; lastKnownFileType = sourcecode.c.h; path = "FitQ-Bridging-Header.h"; sourceTree = "<group>"; };
		4D5C196A23B08B100034D859 /* SWRevealViewController.h */ = {isa = PBXFileReference; fileEncoding = 4; lastKnownFileType = sourcecode.c.h; path = SWRevealViewController.h; sourceTree = "<group>"; };
		4D5C196B23B08B100034D859 /* SWRevealViewController.m */ = {isa = PBXFileReference; fileEncoding = 4; lastKnownFileType = sourcecode.c.objc; path = SWRevealViewController.m; sourceTree = "<group>"; };
		4D5C196E23B09C500034D859 /* Bolts.framework */ = {isa = PBXFileReference; lastKnownFileType = wrapper.framework; path = Bolts.framework; sourceTree = "<group>"; };
		4D5C196F23B09C580034D859 /* FBSDKCoreKit.framework */ = {isa = PBXFileReference; lastKnownFileType = wrapper.framework; path = FBSDKCoreKit.framework; sourceTree = "<group>"; };
		4D5C197023B09C5A0034D859 /* FBSDKLoginKit.framework */ = {isa = PBXFileReference; lastKnownFileType = wrapper.framework; path = FBSDKLoginKit.framework; sourceTree = "<group>"; };
		4D5C197B23B0C1070034D859 /* LocalAuthentication.framework */ = {isa = PBXFileReference; lastKnownFileType = wrapper.framework; name = LocalAuthentication.framework; path = System/Library/Frameworks/LocalAuthentication.framework; sourceTree = SDKROOT; };
		4D5C197D23B0C11F0034D859 /* SafariServices.framework */ = {isa = PBXFileReference; lastKnownFileType = wrapper.framework; name = SafariServices.framework; path = System/Library/Frameworks/SafariServices.framework; sourceTree = SDKROOT; };
		4D5C197F23B0C12F0034D859 /* AuthenticationServices.framework */ = {isa = PBXFileReference; lastKnownFileType = wrapper.framework; name = AuthenticationServices.framework; path = System/Library/Frameworks/AuthenticationServices.framework; sourceTree = SDKROOT; };
		4D5C198123B0C1430034D859 /* SystemConfiguration.framework */ = {isa = PBXFileReference; lastKnownFileType = wrapper.framework; name = SystemConfiguration.framework; path = System/Library/Frameworks/SystemConfiguration.framework; sourceTree = SDKROOT; };
		4D9CE8DE23B1D79400CB492D /* GoogleSignIn.bundle */ = {isa = PBXFileReference; lastKnownFileType = "wrapper.plug-in"; path = GoogleSignIn.bundle; sourceTree = "<group>"; };
		4D9CE8DF23B1D79500CB492D /* GoogleSignInDependencies.framework */ = {isa = PBXFileReference; lastKnownFileType = wrapper.framework; path = GoogleSignInDependencies.framework; sourceTree = "<group>"; };
		4D9CE8E023B1D79500CB492D /* GoogleSignIn.framework */ = {isa = PBXFileReference; lastKnownFileType = wrapper.framework; path = GoogleSignIn.framework; sourceTree = "<group>"; };
/* End PBXFileReference section */

/* Begin PBXFrameworksBuildPhase section */
		4D32EBE723A0B24C00245D37 /* Frameworks */ = {
			isa = PBXFrameworksBuildPhase;
			buildActionMask = 2147483647;
			files = (
				4D5C198223B0C1430034D859 /* SystemConfiguration.framework in Frameworks */,
				4D5C198023B0C12F0034D859 /* AuthenticationServices.framework in Frameworks */,
				4D9CE8E223B1D79500CB492D /* GoogleSignInDependencies.framework in Frameworks */,
				4D5C197E23B0C11F0034D859 /* SafariServices.framework in Frameworks */,
				4D5C197C23B0C1070034D859 /* LocalAuthentication.framework in Frameworks */,
				4D5C197123B09C5A0034D859 /* Bolts.framework in Frameworks */,
				4D5C197223B09C5A0034D859 /* FBSDKCoreKit.framework in Frameworks */,
				4D9CE8E323B1D79500CB492D /* GoogleSignIn.framework in Frameworks */,
				4D5C197323B09C5A0034D859 /* FBSDKLoginKit.framework in Frameworks */,
			);
			runOnlyForDeploymentPostprocessing = 0;
		};
		4D32EBFE23A0B24F00245D37 /* Frameworks */ = {
			isa = PBXFrameworksBuildPhase;
			buildActionMask = 2147483647;
			files = (
			);
			runOnlyForDeploymentPostprocessing = 0;
		};
		4D32EC0923A0B24F00245D37 /* Frameworks */ = {
			isa = PBXFrameworksBuildPhase;
			buildActionMask = 2147483647;
			files = (
			);
			runOnlyForDeploymentPostprocessing = 0;
		};
/* End PBXFrameworksBuildPhase section */

/* Begin PBXGroup section */
		4D32EBE123A0B24C00245D37 = {
			isa = PBXGroup;
			children = (
				4D32EBEC23A0B24C00245D37 /* FitQ */,
				4D32EC0423A0B24F00245D37 /* FitQTests */,
				4D32EC0F23A0B24F00245D37 /* FitQUITests */,
				4D32EBEB23A0B24C00245D37 /* Products */,
				4D5C197A23B0C1070034D859 /* Frameworks */,
			);
			sourceTree = "<group>";
		};
		4D32EBEB23A0B24C00245D37 /* Products */ = {
			isa = PBXGroup;
			children = (
				4D32EBEA23A0B24C00245D37 /* FitQ.app */,
				4D32EC0123A0B24F00245D37 /* FitQTests.xctest */,
				4D32EC0C23A0B24F00245D37 /* FitQUITests.xctest */,
			);
			name = Products;
			sourceTree = "<group>";
		};
		4D32EBEC23A0B24C00245D37 /* FitQ */ = {
			isa = PBXGroup;
			children = (
				4D32EBED23A0B24C00245D37 /* AppDelegate.swift */,
				4D32EBEF23A0B24C00245D37 /* LoginViewController.swift */,
				4D30A6FC23B4798E00C3C289 /* PageViewController.swift */,
				4D20872C23B20FD100C7AA0D /* MenuViewController.swift */,
				4D20872E23B2102900C7AA0D /* DashboardViewController.swift */,
				4D5C196D23B09C000034D859 /* FrameWorks */,
				4D5C196823B08AC40034D859 /* SWRevealViewController */,
				4D32EBF123A0B24C00245D37 /* Main.storyboard */,
				4D32EBF723A0B24F00245D37 /* Assets.xcassets */,
				4D32EBF923A0B24F00245D37 /* LaunchScreen.storyboard */,
				4D32EBFC23A0B24F00245D37 /* Info.plist */,
				4D32EBF423A0B24C00245D37 /* FitQ.xcdatamodeld */,
			);
			path = FitQ;
			sourceTree = "<group>";
		};
		4D32EC0423A0B24F00245D37 /* FitQTests */ = {
			isa = PBXGroup;
			children = (
				4D32EC0523A0B24F00245D37 /* FitQTests.swift */,
				4D32EC0723A0B24F00245D37 /* Info.plist */,
			);
			path = FitQTests;
			sourceTree = "<group>";
		};
		4D32EC0F23A0B24F00245D37 /* FitQUITests */ = {
			isa = PBXGroup;
			children = (
				4D32EC1023A0B24F00245D37 /* FitQUITests.swift */,
				4D32EC1223A0B24F00245D37 /* Info.plist */,
			);
			path = FitQUITests;
			sourceTree = "<group>";
		};
		4D5C196823B08AC40034D859 /* SWRevealViewController */ = {
			isa = PBXGroup;
			children = (
				4D5C196A23B08B100034D859 /* SWRevealViewController.h */,
				4D5C196B23B08B100034D859 /* SWRevealViewController.m */,
				4D5C196923B08B0F0034D859 /* FitQ-Bridging-Header.h */,
			);
			path = SWRevealViewController;
			sourceTree = "<group>";
		};
		4D5C196D23B09C000034D859 /* FrameWorks */ = {
			isa = PBXGroup;
			children = (
				4D9CE8DE23B1D79400CB492D /* GoogleSignIn.bundle */,
				4D9CE8E023B1D79500CB492D /* GoogleSignIn.framework */,
				4D9CE8DF23B1D79500CB492D /* GoogleSignInDependencies.framework */,
				4D5C196E23B09C500034D859 /* Bolts.framework */,
				4D5C196F23B09C580034D859 /* FBSDKCoreKit.framework */,
				4D5C197023B09C5A0034D859 /* FBSDKLoginKit.framework */,
			);
			path = FrameWorks;
			sourceTree = "<group>";
		};
		4D5C197A23B0C1070034D859 /* Frameworks */ = {
			isa = PBXGroup;
			children = (
				4D5C198123B0C1430034D859 /* SystemConfiguration.framework */,
				4D5C197F23B0C12F0034D859 /* AuthenticationServices.framework */,
				4D5C197D23B0C11F0034D859 /* SafariServices.framework */,
				4D5C197B23B0C1070034D859 /* LocalAuthentication.framework */,
			);
			name = Frameworks;
			sourceTree = "<group>";
		};
/* End PBXGroup section */

/* Begin PBXNativeTarget section */
		4D32EBE923A0B24C00245D37 /* FitQ */ = {
			isa = PBXNativeTarget;
			buildConfigurationList = 4D32EC1523A0B24F00245D37 /* Build configuration list for PBXNativeTarget "FitQ" */;
			buildPhases = (
				4D32EBE623A0B24C00245D37 /* Sources */,
				4D32EBE723A0B24C00245D37 /* Frameworks */,
				4D32EBE823A0B24C00245D37 /* Resources */,
			);
			buildRules = (
			);
			dependencies = (
			);
			name = FitQ;
			productName = FitQ;
			productReference = 4D32EBEA23A0B24C00245D37 /* FitQ.app */;
			productType = "com.apple.product-type.application";
		};
		4D32EC0023A0B24F00245D37 /* FitQTests */ = {
			isa = PBXNativeTarget;
			buildConfigurationList = 4D32EC1823A0B24F00245D37 /* Build configuration list for PBXNativeTarget "FitQTests" */;
			buildPhases = (
				4D32EBFD23A0B24F00245D37 /* Sources */,
				4D32EBFE23A0B24F00245D37 /* Frameworks */,
				4D32EBFF23A0B24F00245D37 /* Resources */,
			);
			buildRules = (
			);
			dependencies = (
				4D32EC0323A0B24F00245D37 /* PBXTargetDependency */,
			);
			name = FitQTests;
			productName = FitQTests;
			productReference = 4D32EC0123A0B24F00245D37 /* FitQTests.xctest */;
			productType = "com.apple.product-type.bundle.unit-test";
		};
		4D32EC0B23A0B24F00245D37 /* FitQUITests */ = {
			isa = PBXNativeTarget;
			buildConfigurationList = 4D32EC1B23A0B24F00245D37 /* Build configuration list for PBXNativeTarget "FitQUITests" */;
			buildPhases = (
				4D32EC0823A0B24F00245D37 /* Sources */,
				4D32EC0923A0B24F00245D37 /* Frameworks */,
				4D32EC0A23A0B24F00245D37 /* Resources */,
			);
			buildRules = (
			);
			dependencies = (
				4D32EC0E23A0B24F00245D37 /* PBXTargetDependency */,
			);
			name = FitQUITests;
			productName = FitQUITests;
			productReference = 4D32EC0C23A0B24F00245D37 /* FitQUITests.xctest */;
			productType = "com.apple.product-type.bundle.ui-testing";
		};
/* End PBXNativeTarget section */

/* Begin PBXProject section */
		4D32EBE223A0B24C00245D37 /* Project object */ = {
			isa = PBXProject;
			attributes = {
				LastSwiftUpdateCheck = 1000;
				LastUpgradeCheck = 1000;
				ORGANIZATIONNAME = appmantras;
				TargetAttributes = {
					4D32EBE923A0B24C00245D37 = {
						CreatedOnToolsVersion = 10.0;
						LastSwiftMigration = 1000;
					};
					4D32EC0023A0B24F00245D37 = {
						CreatedOnToolsVersion = 10.0;
						TestTargetID = 4D32EBE923A0B24C00245D37;
					};
					4D32EC0B23A0B24F00245D37 = {
						CreatedOnToolsVersion = 10.0;
						TestTargetID = 4D32EBE923A0B24C00245D37;
					};
				};
			};
			buildConfigurationList = 4D32EBE523A0B24C00245D37 /* Build configuration list for PBXProject "FitQ" */;
			compatibilityVersion = "Xcode 9.3";
			developmentRegion = en;
			hasScannedForEncodings = 0;
			knownRegions = (
				en,
				Base,
			);
			mainGroup = 4D32EBE123A0B24C00245D37;
			productRefGroup = 4D32EBEB23A0B24C00245D37 /* Products */;
			projectDirPath = "";
			projectRoot = "";
			targets = (
				4D32EBE923A0B24C00245D37 /* FitQ */,
				4D32EC0023A0B24F00245D37 /* FitQTests */,
				4D32EC0B23A0B24F00245D37 /* FitQUITests */,
			);
		};
/* End PBXProject section */

/* Begin PBXResourcesBuildPhase section */
		4D32EBE823A0B24C00245D37 /* Resources */ = {
			isa = PBXResourcesBuildPhase;
			buildActionMask = 2147483647;
			files = (
				4D9CE8E423B1D7AB00CB492D /* GoogleSignIn.bundle in Resources */,
				4D32EBFB23A0B24F00245D37 /* LaunchScreen.storyboard in Resources */,
				4D32EBF823A0B24F00245D37 /* Assets.xcassets in Resources */,
				4D32EBF323A0B24C00245D37 /* Main.storyboard in Resources */,
			);
			runOnlyForDeploymentPostprocessing = 0;
		};
		4D32EBFF23A0B24F00245D37 /* Resources */ = {
			isa = PBXResourcesBuildPhase;
			buildActionMask = 2147483647;
			files = (
			);
			runOnlyForDeploymentPostprocessing = 0;
		};
		4D32EC0A23A0B24F00245D37 /* Resources */ = {
			isa = PBXResourcesBuildPhase;
			buildActionMask = 2147483647;
			files = (
			);
			runOnlyForDeploymentPostprocessing = 0;
		};
/* End PBXResourcesBuildPhase section */

/* Begin PBXSourcesBuildPhase section */
		4D32EBE623A0B24C00245D37 /* Sources */ = {
			isa = PBXSourcesBuildPhase;
			buildActionMask = 2147483647;
			files = (
				4D32EBF023A0B24C00245D37 /* LoginViewController.swift in Sources */,
				4D30A6FD23B4798E00C3C289 /* PageViewController.swift in Sources */,
				4D20872D23B20FD100C7AA0D /* MenuViewController.swift in Sources */,
				4D32EBEE23A0B24C00245D37 /* AppDelegate.swift in Sources */,
				4D20872F23B2102900C7AA0D /* DashboardViewController.swift in Sources */,
				4D32EBF623A0B24C00245D37 /* FitQ.xcdatamodeld in Sources */,
				4D5C196C23B08B100034D859 /* SWRevealViewController.m in Sources */,
			);
			runOnlyForDeploymentPostprocessing = 0;
		};
		4D32EBFD23A0B24F00245D37 /* Sources */ = {
			isa = PBXSourcesBuildPhase;
			buildActionMask = 2147483647;
			files = (
				4D32EC0623A0B24F00245D37 /* FitQTests.swift in Sources */,
			);
			runOnlyForDeploymentPostprocessing = 0;
		};
		4D32EC0823A0B24F00245D37 /* Sources */ = {
			isa = PBXSourcesBuildPhase;
			buildActionMask = 2147483647;
			files = (
				4D32EC1123A0B24F00245D37 /* FitQUITests.swift in Sources */,
			);
			runOnlyForDeploymentPostprocessing = 0;
		};
/* End PBXSourcesBuildPhase section */

/* Begin PBXTargetDependency section */
		4D32EC0323A0B24F00245D37 /* PBXTargetDependency */ = {
			isa = PBXTargetDependency;
			target = 4D32EBE923A0B24C00245D37 /* FitQ */;
			targetProxy = 4D32EC0223A0B24F00245D37 /* PBXContainerItemProxy */;
		};
		4D32EC0E23A0B24F00245D37 /* PBXTargetDependency */ = {
			isa = PBXTargetDependency;
			target = 4D32EBE923A0B24C00245D37 /* FitQ */;
			targetProxy = 4D32EC0D23A0B24F00245D37 /* PBXContainerItemProxy */;
		};
/* End PBXTargetDependency section */

/* Begin PBXVariantGroup section */
		4D32EBF123A0B24C00245D37 /* Main.storyboard */ = {
			isa = PBXVariantGroup;
			children = (
				4D32EBF223A0B24C00245D37 /* Base */,
			);
			name = Main.storyboard;
			sourceTree = "<group>";
		};
		4D32EBF923A0B24F00245D37 /* LaunchScreen.storyboard */ = {
			isa = PBXVariantGroup;
			children = (
				4D32EBFA23A0B24F00245D37 /* Base */,
			);
			name = LaunchScreen.storyboard;
			sourceTree = "<group>";
		};
/* End PBXVariantGroup section */

/* Begin XCBuildConfiguration section */
		4D32EC1323A0B24F00245D37 /* Debug */ = {
			isa = XCBuildConfiguration;
			buildSettings = {
				ALWAYS_SEARCH_USER_PATHS = NO;
				CLANG_ANALYZER_NONNULL = YES;
				CLANG_ANALYZER_NUMBER_OBJECT_CONVERSION = YES_AGGRESSIVE;
				CLANG_CXX_LANGUAGE_STANDARD = "gnu++14";
				CLANG_CXX_LIBRARY = "libc++";
				CLANG_ENABLE_MODULES = YES;
				CLANG_ENABLE_OBJC_ARC = YES;
				CLANG_ENABLE_OBJC_WEAK = YES;
				CLANG_WARN_BLOCK_CAPTURE_AUTORELEASING = YES;
				CLANG_WARN_BOOL_CONVERSION = YES;
				CLANG_WARN_COMMA = YES;
				CLANG_WARN_CONSTANT_CONVERSION = YES;
				CLANG_WARN_DEPRECATED_OBJC_IMPLEMENTATIONS = YES;
				CLANG_WARN_DIRECT_OBJC_ISA_USAGE = YES_ERROR;
				CLANG_WARN_DOCUMENTATION_COMMENTS = YES;
				CLANG_WARN_EMPTY_BODY = YES;
				CLANG_WARN_ENUM_CONVERSION = YES;
				CLANG_WARN_INFINITE_RECURSION = YES;
				CLANG_WARN_INT_CONVERSION = YES;
				CLANG_WARN_NON_LITERAL_NULL_CONVERSION = YES;
				CLANG_WARN_OBJC_IMPLICIT_RETAIN_SELF = YES;
				CLANG_WARN_OBJC_LITERAL_CONVERSION = YES;
				CLANG_WARN_OBJC_ROOT_CLASS = YES_ERROR;
				CLANG_WARN_RANGE_LOOP_ANALYSIS = YES;
				CLANG_WARN_STRICT_PROTOTYPES = YES;
				CLANG_WARN_SUSPICIOUS_MOVE = YES;
				CLANG_WARN_UNGUARDED_AVAILABILITY = YES_AGGRESSIVE;
				CLANG_WARN_UNREACHABLE_CODE = YES;
				CLANG_WARN__DUPLICATE_METHOD_MATCH = YES;
				CODE_SIGN_IDENTITY = "iPhone Developer";
				COPY_PHASE_STRIP = NO;
				DEBUG_INFORMATION_FORMAT = dwarf;
				ENABLE_STRICT_OBJC_MSGSEND = YES;
				ENABLE_TESTABILITY = YES;
				GCC_C_LANGUAGE_STANDARD = gnu11;
				GCC_DYNAMIC_NO_PIC = NO;
				GCC_NO_COMMON_BLOCKS = YES;
				GCC_OPTIMIZATION_LEVEL = 0;
				GCC_PREPROCESSOR_DEFINITIONS = (
					"DEBUG=1",
					"$(inherited)",
				);
				GCC_WARN_64_TO_32_BIT_CONVERSION = YES;
				GCC_WARN_ABOUT_RETURN_TYPE = YES_ERROR;
				GCC_WARN_UNDECLARED_SELECTOR = YES;
				GCC_WARN_UNINITIALIZED_AUTOS = YES_AGGRESSIVE;
				GCC_WARN_UNUSED_FUNCTION = YES;
				GCC_WARN_UNUSED_VARIABLE = YES;
				IPHONEOS_DEPLOYMENT_TARGET = 12.0;
				MTL_ENABLE_DEBUG_INFO = INCLUDE_SOURCE;
				MTL_FAST_MATH = YES;
				ONLY_ACTIVE_ARCH = YES;
				SDKROOT = iphoneos;
				SWIFT_ACTIVE_COMPILATION_CONDITIONS = DEBUG;
				SWIFT_OPTIMIZATION_LEVEL = "-Onone";
			};
			name = Debug;
		};
		4D32EC1423A0B24F00245D37 /* Release */ = {
			isa = XCBuildConfiguration;
			buildSettings = {
				ALWAYS_SEARCH_USER_PATHS = NO;
				CLANG_ANALYZER_NONNULL = YES;
				CLANG_ANALYZER_NUMBER_OBJECT_CONVERSION = YES_AGGRESSIVE;
				CLANG_CXX_LANGUAGE_STANDARD = "gnu++14";
				CLANG_CXX_LIBRARY = "libc++";
				CLANG_ENABLE_MODULES = YES;
				CLANG_ENABLE_OBJC_ARC = YES;
				CLANG_ENABLE_OBJC_WEAK = YES;
				CLANG_WARN_BLOCK_CAPTURE_AUTORELEASING = YES;
				CLANG_WARN_BOOL_CONVERSION = YES;
				CLANG_WARN_COMMA = YES;
				CLANG_WARN_CONSTANT_CONVERSION = YES;
				CLANG_WARN_DEPRECATED_OBJC_IMPLEMENTATIONS = YES;
				CLANG_WARN_DIRECT_OBJC_ISA_USAGE = YES_ERROR;
				CLANG_WARN_DOCUMENTATION_COMMENTS = YES;
				CLANG_WARN_EMPTY_BODY = YES;
				CLANG_WARN_ENUM_CONVERSION = YES;
				CLANG_WARN_INFINITE_RECURSION = YES;
				CLANG_WARN_INT_CONVERSION = YES;
				CLANG_WARN_NON_LITERAL_NULL_CONVERSION = YES;
				CLANG_WARN_OBJC_IMPLICIT_RETAIN_SELF = YES;
				CLANG_WARN_OBJC_LITERAL_CONVERSION = YES;
				CLANG_WARN_OBJC_ROOT_CLASS = YES_ERROR;
				CLANG_WARN_RANGE_LOOP_ANALYSIS = YES;
				CLANG_WARN_STRICT_PROTOTYPES = YES;
				CLANG_WARN_SUSPICIOUS_MOVE = YES;
				CLANG_WARN_UNGUARDED_AVAILABILITY = YES_AGGRESSIVE;
				CLANG_WARN_UNREACHABLE_CODE = YES;
				CLANG_WARN__DUPLICATE_METHOD_MATCH = YES;
				CODE_SIGN_IDENTITY = "iPhone Developer";
				COPY_PHASE_STRIP = NO;
				DEBUG_INFORMATION_FORMAT = "dwarf-with-dsym";
				ENABLE_NS_ASSERTIONS = NO;
				ENABLE_STRICT_OBJC_MSGSEND = YES;
				GCC_C_LANGUAGE_STANDARD = gnu11;
				GCC_NO_COMMON_BLOCKS = YES;
				GCC_WARN_64_TO_32_BIT_CONVERSION = YES;
				GCC_WARN_ABOUT_RETURN_TYPE = YES_ERROR;
				GCC_WARN_UNDECLARED_SELECTOR = YES;
				GCC_WARN_UNINITIALIZED_AUTOS = YES_AGGRESSIVE;
				GCC_WARN_UNUSED_FUNCTION = YES;
				GCC_WARN_UNUSED_VARIABLE = YES;
				IPHONEOS_DEPLOYMENT_TARGET = 12.0;
				MTL_ENABLE_DEBUG_INFO = NO;
				MTL_FAST_MATH = YES;
				SDKROOT = iphoneos;
				SWIFT_COMPILATION_MODE = wholemodule;
				SWIFT_OPTIMIZATION_LEVEL = "-O";
				VALIDATE_PRODUCT = YES;
			};
			name = Release;
		};
		4D32EC1623A0B24F00245D37 /* Debug */ = {
			isa = XCBuildConfiguration;
			buildSettings = {
				ASSETCATALOG_COMPILER_APPICON_NAME = AppIcon;
				CLANG_ENABLE_MODULES = YES;
				CODE_SIGN_STYLE = Automatic;
				FRAMEWORK_SEARCH_PATHS = (
					"$(inherited)",
					"$(PROJECT_DIR)/FitQ/FrameWorks",
				);
				INFOPLIST_FILE = FitQ/Info.plist;
				LD_RUNPATH_SEARCH_PATHS = (
					"$(inherited)",
					"@executable_path/Frameworks",
				);
				OTHER_LDFLAGS = "-ObjC";
				PRODUCT_BUNDLE_IDENTIFIER = com.appmantras.FitQ;
				PRODUCT_NAME = "$(TARGET_NAME)";
				SWIFT_OBJC_BRIDGING_HEADER = "FitQ/SWRevealViewController/FitQ-Bridging-Header.h";
				SWIFT_OPTIMIZATION_LEVEL = "-Onone";
				SWIFT_VERSION = 4.2;
				TARGETED_DEVICE_FAMILY = "1,2";
			};
			name = Debug;
		};
		4D32EC1723A0B24F00245D37 /* Release */ = {
			isa = XCBuildConfiguration;
			buildSettings = {
				ASSETCATALOG_COMPILER_APPICON_NAME = AppIcon;
				CLANG_ENABLE_MODULES = YES;
				CODE_SIGN_STYLE = Automatic;
				FRAMEWORK_SEARCH_PATHS = (
					"$(inherited)",
					"$(PROJECT_DIR)/FitQ/FrameWorks",
				);
				INFOPLIST_FILE = FitQ/Info.plist;
				LD_RUNPATH_SEARCH_PATHS = (
					"$(inherited)",
					"@executable_path/Frameworks",
				);
				OTHER_LDFLAGS = "-ObjC";
				PRODUCT_BUNDLE_IDENTIFIER = com.appmantras.FitQ;
				PRODUCT_NAME = "$(TARGET_NAME)";
				SWIFT_OBJC_BRIDGING_HEADER = "FitQ/SWRevealViewController/FitQ-Bridging-Header.h";
				SWIFT_VERSION = 4.2;
				TARGETED_DEVICE_FAMILY = "1,2";
			};
			name = Release;
		};
		4D32EC1923A0B24F00245D37 /* Debug */ = {
			isa = XCBuildConfiguration;
			buildSettings = {
				ALWAYS_EMBED_SWIFT_STANDARD_LIBRARIES = YES;
				BUNDLE_LOADER = "$(TEST_HOST)";
				CODE_SIGN_STYLE = Automatic;
				INFOPLIST_FILE = FitQTests/Info.plist;
				LD_RUNPATH_SEARCH_PATHS = (
					"$(inherited)",
					"@executable_path/Frameworks",
					"@loader_path/Frameworks",
				);
				PRODUCT_BUNDLE_IDENTIFIER = com.appmantras.FitQTests;
				PRODUCT_NAME = "$(TARGET_NAME)";
				SWIFT_VERSION = 4.2;
				TARGETED_DEVICE_FAMILY = "1,2";
				TEST_HOST = "$(BUILT_PRODUCTS_DIR)/FitQ.app/FitQ";
			};
			name = Debug;
		};
		4D32EC1A23A0B24F00245D37 /* Release */ = {
			isa = XCBuildConfiguration;
			buildSettings = {
				ALWAYS_EMBED_SWIFT_STANDARD_LIBRARIES = YES;
				BUNDLE_LOADER = "$(TEST_HOST)";
				CODE_SIGN_STYLE = Automatic;
				INFOPLIST_FILE = FitQTests/Info.plist;
				LD_RUNPATH_SEARCH_PATHS = (
					"$(inherited)",
					"@executable_path/Frameworks",
					"@loader_path/Frameworks",
				);
				PRODUCT_BUNDLE_IDENTIFIER = com.appmantras.FitQTests;
				PRODUCT_NAME = "$(TARGET_NAME)";
				SWIFT_VERSION = 4.2;
				TARGETED_DEVICE_FAMILY = "1,2";
				TEST_HOST = "$(BUILT_PRODUCTS_DIR)/FitQ.app/FitQ";
			};
			name = Release;
		};
		4D32EC1C23A0B24F00245D37 /* Debug */ = {
			isa = XCBuildConfiguration;
			buildSettings = {
				ALWAYS_EMBED_SWIFT_STANDARD_LIBRARIES = YES;
				CODE_SIGN_STYLE = Automatic;
				INFOPLIST_FILE = FitQUITests/Info.plist;
				LD_RUNPATH_SEARCH_PATHS = (
					"$(inherited)",
					"@executable_path/Frameworks",
					"@loader_path/Frameworks",
				);
				PRODUCT_BUNDLE_IDENTIFIER = com.appmantras.FitQUITests;
				PRODUCT_NAME = "$(TARGET_NAME)";
				SWIFT_VERSION = 4.2;
				TARGETED_DEVICE_FAMILY = "1,2";
				TEST_TARGET_NAME = FitQ;
			};
			name = Debug;
		};
		4D32EC1D23A0B24F00245D37 /* Release */ = {
			isa = XCBuildConfiguration;
			buildSettings = {
				ALWAYS_EMBED_SWIFT_STANDARD_LIBRARIES = YES;
				CODE_SIGN_STYLE = Automatic;
				INFOPLIST_FILE = FitQUITests/Info.plist;
				LD_RUNPATH_SEARCH_PATHS = (
					"$(inherited)",
					"@executable_path/Frameworks",
					"@loader_path/Frameworks",
				);
				PRODUCT_BUNDLE_IDENTIFIER = com.appmantras.FitQUITests;
				PRODUCT_NAME = "$(TARGET_NAME)";
				SWIFT_VERSION = 4.2;
				TARGETED_DEVICE_FAMILY = "1,2";
				TEST_TARGET_NAME = FitQ;
			};
			name = Release;
		};
/* End XCBuildConfiguration section */

/* Begin XCConfigurationList section */
		4D32EBE523A0B24C00245D37 /* Build configuration list for PBXProject "FitQ" */ = {
			isa = XCConfigurationList;
			buildConfigurations = (
				4D32EC1323A0B24F00245D37 /* Debug */,
				4D32EC1423A0B24F00245D37 /* Release */,
			);
			defaultConfigurationIsVisible = 0;
			defaultConfigurationName = Release;
		};
		4D32EC1523A0B24F00245D37 /* Build configuration list for PBXNativeTarget "FitQ" */ = {
			isa = XCConfigurationList;
			buildConfigurations = (
				4D32EC1623A0B24F00245D37 /* Debug */,
				4D32EC1723A0B24F00245D37 /* Release */,
			);
			defaultConfigurationIsVisible = 0;
			defaultConfigurationName = Release;
		};
		4D32EC1823A0B24F00245D37 /* Build configuration list for PBXNativeTarget "FitQTests" */ = {
			isa = XCConfigurationList;
			buildConfigurations = (
				4D32EC1923A0B24F00245D37 /* Debug */,
				4D32EC1A23A0B24F00245D37 /* Release */,
			);
			defaultConfigurationIsVisible = 0;
			defaultConfigurationName = Release;
		};
		4D32EC1B23A0B24F00245D37 /* Build configuration list for PBXNativeTarget "FitQUITests" */ = {
			isa = XCConfigurationList;
			buildConfigurations = (
				4D32EC1C23A0B24F00245D37 /* Debug */,
				4D32EC1D23A0B24F00245D37 /* Release */,
			);
			defaultConfigurationIsVisible = 0;
			defaultConfigurationName = Release;
		};
/* End XCConfigurationList section */

/* Begin XCVersionGroup section */
		4D32EBF423A0B24C00245D37 /* FitQ.xcdatamodeld */ = {
			isa = XCVersionGroup;
			children = (
				4D32EBF523A0B24C00245D37 /* FitQ.xcdatamodel */,
			);
			currentVersion = 4D32EBF523A0B24C00245D37 /* FitQ.xcdatamodel */;
			path = FitQ.xcdatamodeld;
			sourceTree = "<group>";
			versionGroupType = wrapper.xcdatamodel;
		};
/* End XCVersionGroup section */
	};
	rootObject = 4D32EBE223A0B24C00245D37 /* Project object */;
}
